{
  "name": "rollup-plugin-ts-vue",
  "version": "0.5.0",
  "lockfileVersion": 1,
  "requires": true,
  "dependencies": {
    "@rollup/plugin-typescript": {
      "version": "4.0.0",
      "resolved": "https://registry.npmjs.org/@rollup/plugin-typescript/-/plugin-typescript-4.0.0.tgz",
      "integrity": "sha512-qA3r4WlR8JnTm+VdBzvQSIkfXt802keGxXuE4SAjUjRMKK3nMXTUCvOGSzFkav2qf0QiGv6yijfbjuf+bhwmZQ==",
      "requires": {
        "@rollup/pluginutils": "^3.0.1",
        "resolve": "^1.14.1"
      }
    },
    "@rollup/pluginutils": {
      "version": "3.0.8",
      "resolved": "https://registry.npmjs.org/@rollup/pluginutils/-/pluginutils-3.0.8.tgz",
      "integrity": "sha512-rYGeAc4sxcZ+kPG/Tw4/fwJODC3IXHYDH4qusdN/b6aLw5LPUbzpecYbEJh4sVQGPFJxd2dBU4kc1H3oy9/bnw==",
      "requires": {
        "estree-walker": "^1.0.1"
      },
      "dependencies": {
        "estree-walker": {
          "version": "1.0.1",
          "resolved": "https://registry.npmjs.org/estree-walker/-/estree-walker-1.0.1.tgz",
          "integrity": "sha512-1fMXF3YP4pZZVozF8j/ZLfvnR8NSIljt56UhbZ5PeeDmmGHpgpdwQt7ITlGvYaQukCvuBRMLEiKiYC+oeIg4cg=="
        }
      }
    },
    "@types/estree": {
      "version": "0.0.44",
      "resolved": "https://registry.npmjs.org/@types/estree/-/estree-0.0.44.tgz",
      "integrity": "sha512-iaIVzr+w2ZJ5HkidlZ3EJM8VTZb2MJLCjw3V+505yVts0gRC4UMvjw0d1HPtGqI/HQC/KdsYtayfzl+AXY2R8g=="
    },
    "@types/node": {
      "version": "12.12.34",
      "resolved": "https://registry.npmjs.org/@types/node/-/node-12.12.34.tgz",
      "integrity": "sha512-BneGN0J9ke24lBRn44hVHNeDlrXRYF+VRp0HbSUNnEZahXGAysHZIqnf/hER6aabdBgzM4YOV4jrR8gj4Zfi0g=="
    },
    "acorn": {
      "version": "7.1.1",
      "resolved": "https://registry.npmjs.org/acorn/-/acorn-7.1.1.tgz",
      "integrity": "sha512-add7dgA5ppRPxCFJoAGfMDi7PIBXq1RtGo7BhbLaxwrXPOmw8gq48Y9ozT01hUKy9byMjlR20EJhu5zlkErEkg=="
    },
    "anymatch": {
      "version": "3.1.1",
      "resolved": "https://registry.npmjs.org/anymatch/-/anymatch-3.1.1.tgz",
      "integrity": "sha512-mM8522psRCqzV+6LhomX5wgp25YVibjh8Wj23I5RPkPppSVSjyKD2A2mBJmWGa+KN7f2D6LNh9jkBCeyLktzjg==",
      "requires": {
        "normalize-path": "^3.0.0",
        "picomatch": "^2.0.4"
      }
    },
    "binary-extensions": {
      "version": "2.0.0",
      "resolved": "https://registry.npmjs.org/binary-extensions/-/binary-extensions-2.0.0.tgz",
      "integrity": "sha512-Phlt0plgpIIBOGTT/ehfFnbNlfsDEiqmzE2KRXoX1bLIlir4X/MR+zSyBEkL05ffWgnRSf/DXv+WrUAVr93/ow=="
    },
    "braces": {
      "version": "3.0.2",
      "resolved": "https://registry.npmjs.org/braces/-/braces-3.0.2.tgz",
      "integrity": "sha512-b8um+L1RzM3WDSzvhm6gIz1yfTbBt6YTlcEKAvsmqCZZFw46z626lVj9j1yEPW33H5H+lBQpZMP1k8l+78Ha0A==",
      "requires": {
        "fill-range": "^7.0.1"
      }
    },
    "chokidar": {
      "version": "3.3.1",
      "resolved": "https://registry.npmjs.org/chokidar/-/chokidar-3.3.1.tgz",
      "integrity": "sha512-4QYCEWOcK3OJrxwvyyAOxFuhpvOVCYkr33LPfFNBjAD/w3sEzWsp2BUOkI4l9bHvWioAd0rc6NlHUOEaWkTeqg==",
      "requires": {
        "anymatch": "~3.1.1",
        "braces": "~3.0.2",
        "fsevents": "~2.1.2",
        "glob-parent": "~5.1.0",
        "is-binary-path": "~2.1.0",
        "is-glob": "~4.0.1",
        "normalize-path": "~3.0.0",
        "readdirp": "~3.3.0"
      }
    },
    "estree-walker": {
      "version": "0.6.1",
      "resolved": "https://registry.npmjs.org/estree-walker/-/estree-walker-0.6.1.tgz",
      "integrity": "sha512-SqmZANLWS0mnatqbSfRP5g8OXZC12Fgg1IwNtLsyHDzJizORW4khDfjPqJZsemPWBB2uqykUah5YpQ6epsqC/w=="
    },
    "fill-range": {
      "version": "7.0.1",
      "resolved": "https://registry.npmjs.org/fill-range/-/fill-range-7.0.1.tgz",
      "integrity": "sha512-qOo9F+dMUmC2Lcb4BbVvnKJxTPjCm+RRpe4gDuGrzkL7mEVl/djYSu2OdQ2Pa302N4oqkSg9ir6jaLWJ2USVpQ==",
      "requires": {
        "to-regex-range": "^5.0.1"
      }
    },
    "fsevents": {
      "version": "2.1.2",
      "resolved": "https://registry.npmjs.org/fsevents/-/fsevents-2.1.2.tgz",
      "integrity": "sha512-R4wDiBwZ0KzpgOWetKDug1FZcYhqYnUYKtfZYt4mD5SBz76q0KR4Q9o7GIPamsVPGmW3EYPPJ0dOOjvx32ldZA==",
      "optional": true
    },
    "glob-parent": {
      "version": "5.1.2",
      "resolved": "https://registry.npmjs.org/glob-parent/-/glob-parent-5.1.2.tgz",
      "integrity": "sha512-AOIgSQCepiJYwP3ARnGx+5VnTu2HBYdzbGP45eLw1vr3zB3vZLeyed1sC9hnbcOc9/SrMyM5RPQrkGz4aS9Zow==",
      "requires": {
        "is-glob": "^4.0.1"
      }
    },
    "is-binary-path": {
      "version": "2.1.0",
      "resolved": "https://registry.npmjs.org/is-binary-path/-/is-binary-path-2.1.0.tgz",
      "integrity": "sha512-ZMERYes6pDydyuGidse7OsHxtbI7WVeUEozgR/g7rd0xUimYNlvZRE/K2MgZTjWy725IfelLeVcEM97mmtRGXw==",
      "requires": {
        "binary-extensions": "^2.0.0"
      }
    },
    "is-extglob": {
      "version": "2.1.1",
      "resolved": "https://registry.npmjs.org/is-extglob/-/is-extglob-2.1.1.tgz",
      "integrity": "sha1-qIwCU1eR8C7TfHahueqXc8gz+MI="
    },
    "is-glob": {
      "version": "4.0.1",
      "resolved": "https://registry.npmjs.org/is-glob/-/is-glob-4.0.1.tgz",
      "integrity": "sha512-5G0tKtBTFImOqDnLB2hG6Bp2qcKEFduo4tZu9MT/H6NQv/ghhy30o55ufafxJ/LdH79LLs2Kfrn85TLKyA7BUg==",
      "requires": {
        "is-extglob": "^2.1.1"
      }
    },
    "is-number": {
      "version": "7.0.0",
      "resolved": "https://registry.npmjs.org/is-number/-/is-number-7.0.0.tgz",
      "integrity": "sha512-41Cifkg6e8TylSpdtTpeLVMqvSBEVzTttHvERD741+pnZ8ANv0004MRL43QKPDlK9cGvNp6NZWZUBlbGXYxxng=="
    },
    "normalize-path": {
      "version": "3.0.0",
      "resolved": "https://registry.npmjs.org/normalize-path/-/normalize-path-3.0.0.tgz",
      "integrity": "sha512-6eZs5Ls3WtCisHWp9S2GUy8dqkpGi4BVSz3GaqiE6ezub0512ESztXUwUB6C6IKbQkY2Pnb/mD4WYojCRwcwLA=="
    },
    "path-parse": {
      "version": "1.0.7",
      "resolved": "https://registry.npmjs.org/path-parse/-/path-parse-1.0.7.tgz",
      "integrity": "sha512-LDJzPVEEEPR+y48z93A0Ed0yXb8pAByGWo/k5YYdYgpY2/2EsOsksJrq7lOHxryrVOn1ejG6oAp8ahvOIQD8sw=="
    },
    "picomatch": {
      "version": "2.2.2",
      "resolved": "https://registry.npmjs.org/picomatch/-/picomatch-2.2.2.tgz",
      "integrity": "sha512-q0M/9eZHzmr0AulXyPwNfZjtwZ/RBZlbN3K3CErVrk50T2ASYI7Bye0EvekFY3IP1Nt2DHu0re+V2ZHIpMkuWg=="
    },
    "readdirp": {
      "version": "3.3.0",
      "resolved": "https://registry.npmjs.org/readdirp/-/readdirp-3.3.0.tgz",
      "integrity": "sha512-zz0pAkSPOXXm1viEwygWIPSPkcBYjW1xU5j/JBh5t9bGCJwa6f9+BJa6VaB2g+b55yVrmXzqkyLf4xaWYM0IkQ==",
      "requires": {
        "picomatch": "^2.0.7"
      }
    },
    "resolve": {
      "version": "1.15.1",
      "resolved": "https://registry.npmjs.org/resolve/-/resolve-1.15.1.tgz",
      "integrity": "sha512-84oo6ZTtoTUpjgNEr5SJyzQhzL72gaRodsSfyxC/AXRvwu0Yse9H8eF9IpGo7b8YetZhlI6v7ZQ6bKBFV/6S7w==",
      "requires": {
        "path-parse": "^1.0.6"
      }
    },
    "rollup": {
      "version": "1.32.1",
      "resolved": "https://registry.npmjs.org/rollup/-/rollup-1.32.1.tgz",
      "integrity": "sha512-/2HA0Ec70TvQnXdzynFffkjA6XN+1e2pEv/uKS5Ulca40g2L7KuOE3riasHoNVHOsFD5KKZgDsMk1CP3Tw9s+A==",
      "requires": {
        "@types/estree": "*",
        "@types/node": "*",
        "acorn": "^7.1.0"
      }
    },
    "rollup-pluginutils": {
      "version": "2.8.2",
      "resolved": "https://registry.npmjs.org/rollup-pluginutils/-/rollup-pluginutils-2.8.2.tgz",
      "integrity": "sha512-EEp9NhnUkwY8aif6bxgovPHMoMoNr2FulJziTndpt5H9RdwC47GSGuII9XxpSdzVGM0GWrNPHV6ie1LTNJPaLQ==",
      "requires": {
        "estree-walker": "^0.6.1"
      }
    },
    "sass": {
      "version": "1.26.3",
      "resolved": "https://registry.npmjs.org/sass/-/sass-1.26.3.tgz",
      "integrity": "sha512-5NMHI1+YFYw4sN3yfKjpLuV9B5l7MqQ6FlkTcC4FT+oHbBRUZoSjHrrt/mE0nFXJyY2kQtU9ou9HxvFVjLFuuw==",
      "requires": {
        "chokidar": ">=2.0.0 <4.0.0"
      }
    },
    "to-regex-range": {
      "version": "5.0.1",
      "resolved": "https://registry.npmjs.org/to-regex-range/-/to-regex-range-5.0.1.tgz",
      "integrity": "sha512-65P7iz6X5yEr1cwcgvQxbbIw7Uk3gOy5dIdtZ4rDveLqhrdJP+Li/Hx6tyK0NEb+2GCyneCMJiGqrADCSNk8sQ==",
      "requires": {
        "is-number": "^7.0.0"
      }
    },
    "tslib": {
      "version": "1.11.1",
      "resolved": "https://registry.npmjs.org/tslib/-/tslib-1.11.1.tgz",
      "integrity": "sha512-aZW88SY8kQbU7gpV19lN24LtXh/yD4ZZg6qieAJDDg+YBsJcSmLGK9QpnUjAKVG/xefmvJGd1WUmfpT/g6AJGA=="
    },
    "typescript": {
      "version": "3.8.3",
      "resolved": "https://registry.npmjs.org/typescript/-/typescript-3.8.3.tgz",
      "integrity": "sha512-MYlEfn5VrLNsgudQTVJeNaQFUAI7DkhnOjdpAp4T+ku1TfQClewlbSuTVHiA+8skNBgaf02TL/kLOvig4y3G8w=="
    }
  }
}
